// !$*UTF8*$!
{
	archiveVersion = 1;
	classes = {
	};
	objectVersion = 46;
	objects = {

/* Begin PBXBuildFile section */
		010EB6BF1DEC4798006E84FB /* UserControl in Resources */ = {isa = PBXBuildFile; fileRef = 010EB6BE1DEC4798006E84FB /* UserControl */; };
		010EB6C11DEC4800006E84FB /* LoginViewController.swift in Sources */ = {isa = PBXBuildFile; fileRef = 010EB6C01DEC4800006E84FB /* LoginViewController.swift */; };
		010EB6C41DEC49A1006E84FB /* LocalAuthentication.framework in Frameworks */ = {isa = PBXBuildFile; fileRef = 010EB6C31DEC49A1006E84FB /* LocalAuthentication.framework */; };
		010EB6CA1DEC4B1C006E84FB /* Assets.xcassets in Resources */ = {isa = PBXBuildFile; fileRef = 010EB6C91DEC4B1C006E84FB /* Assets.xcassets */; };
		010EB6CC1DEC4CC9006E84FB /* Assets in Resources */ = {isa = PBXBuildFile; fileRef = 010EB6CB1DEC4CC9006E84FB /* Assets */; };
		8FBED2511DC206D60040026F /* extensions.swift in Sources */ = {isa = PBXBuildFile; fileRef = 8FBED2501DC206D60040026F /* extensions.swift */; };
		8FBED2531DC2085B0040026F /* Conect.swift in Sources */ = {isa = PBXBuildFile; fileRef = 8FBED2521DC2085B0040026F /* Conect.swift */; };
		8FBED2551DC230B70040026F /* ATP_ideal.txt in Resources */ = {isa = PBXBuildFile; fileRef = 8FBED2541DC230B70040026F /* ATP_ideal.txt */; };
		8FD946601DBFAD620074DC26 /* AppDelegate.swift in Sources */ = {isa = PBXBuildFile; fileRef = 8FD9465F1DBFAD620074DC26 /* AppDelegate.swift */; };
		8FD946621DBFAD620074DC26 /* art.scnassets in Resources */ = {isa = PBXBuildFile; fileRef = 8FD946611DBFAD620074DC26 /* art.scnassets */; };
		8FD946641DBFAD620074DC26 /* ModelizationViewController.swift in Sources */ = {isa = PBXBuildFile; fileRef = 8FD946631DBFAD620074DC26 /* ModelizationViewController.swift */; };
		8FD946671DBFAD620074DC26 /* Main.storyboard in Resources */ = {isa = PBXBuildFile; fileRef = 8FD946651DBFAD620074DC26 /* Main.storyboard */; };
		8FD9466C1DBFAD620074DC26 /* LaunchScreen.storyboard in Resources */ = {isa = PBXBuildFile; fileRef = 8FD9466A1DBFAD620074DC26 /* LaunchScreen.storyboard */; };
		8FD946741DBFADBA0074DC26 /* ligands.txt in Resources */ = {isa = PBXBuildFile; fileRef = 8FD946731DBFADBA0074DC26 /* ligands.txt */; };
		8FD946761DBFAE0E0074DC26 /* ligandsTableViewController.swift in Sources */ = {isa = PBXBuildFile; fileRef = 8FD946751DBFAE0E0074DC26 /* ligandsTableViewController.swift */; };
		8FE9C86B1DC0D12D00D44199 /* AtomData.swift in Sources */ = {isa = PBXBuildFile; fileRef = 8FE9C86A1DC0D12D00D44199 /* AtomData.swift */; };
/* End PBXBuildFile section */

/* Begin PBXFileReference section */
		010EB6BE1DEC4798006E84FB /* UserControl */ = {isa = PBXFileReference; lastKnownFileType = folder; path = UserControl; sourceTree = "<group>"; };
		010EB6C01DEC4800006E84FB /* LoginViewController.swift */ = {isa = PBXFileReference; fileEncoding = 4; lastKnownFileType = sourcecode.swift; name = LoginViewController.swift; path = proteins/UserControl/LoginViewController.swift; sourceTree = "<group>"; };
		010EB6C31DEC49A1006E84FB /* LocalAuthentication.framework */ = {isa = PBXFileReference; lastKnownFileType = wrapper.framework; name = LocalAuthentication.framework; path = System/Library/Frameworks/LocalAuthentication.framework; sourceTree = SDKROOT; };
		010EB6C91DEC4B1C006E84FB /* Assets.xcassets */ = {isa = PBXFileReference; lastKnownFileType = folder.assetcatalog; path = Assets.xcassets; sourceTree = "<group>"; };
		010EB6CB1DEC4CC9006E84FB /* Assets */ = {isa = PBXFileReference; lastKnownFileType = folder; path = Assets; sourceTree = "<group>"; };
		8FBED2501DC206D60040026F /* extensions.swift */ = {isa = PBXFileReference; fileEncoding = 4; lastKnownFileType = sourcecode.swift; path = extensions.swift; sourceTree = "<group>"; };
		8FBED2521DC2085B0040026F /* Conect.swift */ = {isa = PBXFileReference; fileEncoding = 4; lastKnownFileType = sourcecode.swift; path = Conect.swift; sourceTree = "<group>"; };
		8FBED2541DC230B70040026F /* ATP_ideal.txt */ = {isa = PBXFileReference; fileEncoding = 4; lastKnownFileType = text; path = ATP_ideal.txt; sourceTree = "<group>"; };
		8FD9465C1DBFAD620074DC26 /* proteins.app */ = {isa = PBXFileReference; explicitFileType = wrapper.application; includeInIndex = 0; path = proteins.app; sourceTree = BUILT_PRODUCTS_DIR; };
		8FD9465F1DBFAD620074DC26 /* AppDelegate.swift */ = {isa = PBXFileReference; lastKnownFileType = sourcecode.swift; path = AppDelegate.swift; sourceTree = "<group>"; };
		8FD946611DBFAD620074DC26 /* art.scnassets */ = {isa = PBXFileReference; lastKnownFileType = wrapper.scnassets; path = art.scnassets; sourceTree = "<group>"; };
		8FD946631DBFAD620074DC26 /* ModelizationViewController.swift */ = {isa = PBXFileReference; lastKnownFileType = sourcecode.swift; path = ModelizationViewController.swift; sourceTree = "<group>"; };
		8FD946661DBFAD620074DC26 /* Base */ = {isa = PBXFileReference; lastKnownFileType = file.storyboard; name = Base; path = Base.lproj/Main.storyboard; sourceTree = "<group>"; };
		8FD9466B1DBFAD620074DC26 /* Base */ = {isa = PBXFileReference; lastKnownFileType = file.storyboard; name = Base; path = Base.lproj/LaunchScreen.storyboard; sourceTree = "<group>"; };
		8FD9466D1DBFAD620074DC26 /* Info.plist */ = {isa = PBXFileReference; lastKnownFileType = text.plist.xml; path = Info.plist; sourceTree = "<group>"; };
		8FD946731DBFADBA0074DC26 /* ligands.txt */ = {isa = PBXFileReference; fileEncoding = 4; lastKnownFileType = text; path = ligands.txt; sourceTree = "<group>"; };
		8FD946751DBFAE0E0074DC26 /* ligandsTableViewController.swift */ = {isa = PBXFileReference; fileEncoding = 4; lastKnownFileType = sourcecode.swift; path = ligandsTableViewController.swift; sourceTree = "<group>"; };
		8FE9C86A1DC0D12D00D44199 /* AtomData.swift */ = {isa = PBXFileReference; fileEncoding = 4; lastKnownFileType = sourcecode.swift; path = AtomData.swift; sourceTree = "<group>"; };
/* End PBXFileReference section */

/* Begin PBXFrameworksBuildPhase section */
		8FD946591DBFAD620074DC26 /* Frameworks */ = {
			isa = PBXFrameworksBuildPhase;
			buildActionMask = 2147483647;
			files = (
				010EB6C41DEC49A1006E84FB /* LocalAuthentication.framework in Frameworks */,
			);
			runOnlyForDeploymentPostprocessing = 0;
		};
/* End PBXFrameworksBuildPhase section */

/* Begin PBXGroup section */
		010EB6C21DEC49A1006E84FB /* Frameworks */ = {
			isa = PBXGroup;
			children = (
				010EB6C31DEC49A1006E84FB /* LocalAuthentication.framework */,
			);
			name = Frameworks;
			sourceTree = "<group>";
		};
		8FD946531DBFAD620074DC26 = {
			isa = PBXGroup;
			children = (
				010EB6C01DEC4800006E84FB /* LoginViewController.swift */,
				8FD9465E1DBFAD620074DC26 /* proteins */,
				8FD9465D1DBFAD620074DC26 /* Products */,
				010EB6C21DEC49A1006E84FB /* Frameworks */,
			);
			sourceTree = "<group>";
		};
		8FD9465D1DBFAD620074DC26 /* Products */ = {
			isa = PBXGroup;
			children = (
				8FD9465C1DBFAD620074DC26 /* proteins.app */,
			);
			name = Products;
			sourceTree = "<group>";
		};
		8FD9465E1DBFAD620074DC26 /* proteins */ = {
			isa = PBXGroup;
			children = (
				8FBED2541DC230B70040026F /* ATP_ideal.txt */,
				8FD946731DBFADBA0074DC26 /* ligands.txt */,
				8FD9465F1DBFAD620074DC26 /* AppDelegate.swift */,
				010EB6CB1DEC4CC9006E84FB /* Assets */,
				010EB6C91DEC4B1C006E84FB /* Assets.xcassets */,
				8FD946611DBFAD620074DC26 /* art.scnassets */,
				8FD946631DBFAD620074DC26 /* ModelizationViewController.swift */,
				8FD946651DBFAD620074DC26 /* Main.storyboard */,
				010EB6BE1DEC4798006E84FB /* UserControl */,
				8FE9C86A1DC0D12D00D44199 /* AtomData.swift */,
				8FBED2521DC2085B0040026F /* Conect.swift */,
				8FBED2501DC206D60040026F /* extensions.swift */,
				8FD946751DBFAE0E0074DC26 /* ligandsTableViewController.swift */,
				8FD9466A1DBFAD620074DC26 /* LaunchScreen.storyboard */,
				8FD9466D1DBFAD620074DC26 /* Info.plist */,
			);
			path = proteins;
			sourceTree = "<group>";
		};
/* End PBXGroup section */

/* Begin PBXNativeTarget section */
		8FD9465B1DBFAD620074DC26 /* proteins */ = {
			isa = PBXNativeTarget;
			buildConfigurationList = 8FD946701DBFAD620074DC26 /* Build configuration list for PBXNativeTarget "proteins" */;
			buildPhases = (
				8FD946581DBFAD620074DC26 /* Sources */,
				8FD946591DBFAD620074DC26 /* Frameworks */,
				8FD9465A1DBFAD620074DC26 /* Resources */,
			);
			buildRules = (
			);
			dependencies = (
			);
			name = proteins;
			productName = proteins;
			productReference = 8FD9465C1DBFAD620074DC26 /* proteins.app */;
			productType = "com.apple.product-type.application";
		};
/* End PBXNativeTarget section */

/* Begin PBXProject section */
		8FD946541DBFAD620074DC26 /* Project object */ = {
			isa = PBXProject;
			attributes = {
				LastSwiftUpdateCheck = 0730;
				LastUpgradeCheck = 0810;
				ORGANIZATIONNAME = "Celine DANNAPPE";
				TargetAttributes = {
					8FD9465B1DBFAD620074DC26 = {
						CreatedOnToolsVersion = 7.3.1;
						LastSwiftMigration = 0810;
					};
				};
			};
			buildConfigurationList = 8FD946571DBFAD620074DC26 /* Build configuration list for PBXProject "proteins" */;
			compatibilityVersion = "Xcode 3.2";
			developmentRegion = English;
			hasScannedForEncodings = 0;
			knownRegions = (
				en,
				Base,
			);
			mainGroup = 8FD946531DBFAD620074DC26;
			productRefGroup = 8FD9465D1DBFAD620074DC26 /* Products */;
			projectDirPath = "";
			projectRoot = "";
			targets = (
				8FD9465B1DBFAD620074DC26 /* proteins */,
			);
		};
/* End PBXProject section */

/* Begin PBXResourcesBuildPhase section */
		8FD9465A1DBFAD620074DC26 /* Resources */ = {
			isa = PBXResourcesBuildPhase;
			buildActionMask = 2147483647;
			files = (
				8FBED2551DC230B70040026F /* ATP_ideal.txt in Resources */,
				010EB6CC1DEC4CC9006E84FB /* Assets in Resources */,
				8FD946621DBFAD620074DC26 /* art.scnassets in Resources */,
				010EB6BF1DEC4798006E84FB /* UserControl in Resources */,
				8FD946741DBFADBA0074DC26 /* ligands.txt in Resources */,
				010EB6CA1DEC4B1C006E84FB /* Assets.xcassets in Resources */,
				8FD9466C1DBFAD620074DC26 /* LaunchScreen.storyboard in Resources */,
				8FD946671DBFAD620074DC26 /* Main.storyboard in Resources */,
			);
			runOnlyForDeploymentPostprocessing = 0;
		};
/* End PBXResourcesBuildPhase section */

/* Begin PBXSourcesBuildPhase section */
		8FD946581DBFAD620074DC26 /* Sources */ = {
			isa = PBXSourcesBuildPhase;
			buildActionMask = 2147483647;
			files = (
				010EB6C11DEC4800006E84FB /* LoginViewController.swift in Sources */,
				8FBED2511DC206D60040026F /* extensions.swift in Sources */,
				8FBED2531DC2085B0040026F /* Conect.swift in Sources */,
				8FD946641DBFAD620074DC26 /* ModelizationViewController.swift in Sources */,
				8FE9C86B1DC0D12D00D44199 /* AtomData.swift in Sources */,
				8FD946761DBFAE0E0074DC26 /* ligandsTableViewController.swift in Sources */,
				8FD946601DBFAD620074DC26 /* AppDelegate.swift in Sources */,
			);
			runOnlyForDeploymentPostprocessing = 0;
		};
/* End PBXSourcesBuildPhase section */

/* Begin PBXVariantGroup section */
		8FD946651DBFAD620074DC26 /* Main.storyboard */ = {
			isa = PBXVariantGroup;
			children = (
				8FD946661DBFAD620074DC26 /* Base */,
			);
			name = Main.storyboard;
			sourceTree = "<group>";
		};
		8FD9466A1DBFAD620074DC26 /* LaunchScreen.storyboard */ = {
			isa = PBXVariantGroup;
			children = (
				8FD9466B1DBFAD620074DC26 /* Base */,
			);
			name = LaunchScreen.storyboard;
			sourceTree = "<group>";
		};
/* End PBXVariantGroup section */

/* Begin XCBuildConfiguration section */
		8FD9466E1DBFAD620074DC26 /* Debug */ = {
			isa = XCBuildConfiguration;
			buildSettings = {
				ALWAYS_SEARCH_USER_PATHS = NO;
				CLANG_ANALYZER_NONNULL = YES;
				CLANG_CXX_LANGUAGE_STANDARD = "gnu++0x";
				CLANG_CXX_LIBRARY = "libc++";
				CLANG_ENABLE_MODULES = YES;
				CLANG_ENABLE_OBJC_ARC = YES;
				CLANG_WARN_BOOL_CONVERSION = YES;
				CLANG_WARN_CONSTANT_CONVERSION = YES;
				CLANG_WARN_DIRECT_OBJC_ISA_USAGE = YES_ERROR;
				CLANG_WARN_EMPTY_BODY = YES;
				CLANG_WARN_ENUM_CONVERSION = YES;
				CLANG_WARN_INFINITE_RECURSION = YES;
				CLANG_WARN_INT_CONVERSION = YES;
				CLANG_WARN_OBJC_ROOT_CLASS = YES_ERROR;
				CLANG_WARN_SUSPICIOUS_MOVE = YES;
				CLANG_WARN_UNREACHABLE_CODE = YES;
				CLANG_WARN__DUPLICATE_METHOD_MATCH = YES;
				"CODE_SIGN_IDENTITY[sdk=iphoneos*]" = "iPhone Developer";
				COPY_PHASE_STRIP = NO;
				DEBUG_INFORMATION_FORMAT = "dwarf-with-dsym";
				ENABLE_STRICT_OBJC_MSGSEND = YES;
				ENABLE_TESTABILITY = YES;
				GCC_C_LANGUAGE_STANDARD = gnu99;
				GCC_DYNAMIC_NO_PIC = NO;
				GCC_NO_COMMON_BLOCKS = YES;
				GCC_OPTIMIZATION_LEVEL = 0;
				GCC_PREPROCESSOR_DEFINITIONS = (
					"DEBUG=1",
					"$(inherited)",
				);
				GCC_WARN_64_TO_32_BIT_CONVERSION = YES;
				GCC_WARN_ABOUT_RETURN_TYPE = YES_ERROR;
				GCC_WARN_UNDECLARED_SELECTOR = YES;
				GCC_WARN_UNINITIALIZED_AUTOS = YES_AGGRESSIVE;
				GCC_WARN_UNUSED_FUNCTION = YES;
				GCC_WARN_UNUSED_VARIABLE = YES;
				IPHONEOS_DEPLOYMENT_TARGET = 9.3;
				MTL_ENABLE_DEBUG_INFO = YES;
				ONLY_ACTIVE_ARCH = YES;
				SDKROOT = iphoneos;
				SWIFT_OPTIMIZATION_LEVEL = "-Onone";
				TARGETED_DEVICE_FAMILY = "1,2";
			};
			name = Debug;
		};
		8FD9466F1DBFAD620074DC26 /* Release */ = {
			isa = XCBuildConfiguration;
			buildSettings = {
				ALWAYS_SEARCH_USER_PATHS = NO;
				CLANG_ANALYZER_NONNULL = YES;
				CLANG_CXX_LANGUAGE_STANDARD = "gnu++0x";
				CLANG_CXX_LIBRARY = "libc++";
				CLANG_ENABLE_MODULES = YES;
				CLANG_ENABLE_OBJC_ARC = YES;
				CLANG_WARN_BOOL_CONVERSION = YES;
				CLANG_WARN_CONSTANT_CONVERSION = YES;
				CLANG_WARN_DIRECT_OBJC_ISA_USAGE = YES_ERROR;
				CLANG_WARN_EMPTY_BODY = YES;
				CLANG_WARN_ENUM_CONVERSION = YES;
				CLANG_WARN_INFINITE_RECURSION = YES;
				CLANG_WARN_INT_CONVERSION = YES;
				CLANG_WARN_OBJC_ROOT_CLASS = YES_ERROR;
				CLANG_WARN_SUSPICIOUS_MOVE = YES;
				CLANG_WARN_UNREACHABLE_CODE = YES;
				CLANG_WARN__DUPLICATE_METHOD_MATCH = YES;
				"CODE_SIGN_IDENTITY[sdk=iphoneos*]" = "iPhone Developer";
				COPY_PHASE_STRIP = NO;
				DEBUG_INFORMATION_FORMAT = "dwarf-with-dsym";
				ENABLE_NS_ASSERTIONS = NO;
				ENABLE_STRICT_OBJC_MSGSEND = YES;
				GCC_C_LANGUAGE_STANDARD = gnu99;
				GCC_NO_COMMON_BLOCKS = YES;
				GCC_WARN_64_TO_32_BIT_CONVERSION = YES;
				GCC_WARN_ABOUT_RETURN_TYPE = YES_ERROR;
				GCC_WARN_UNDECLARED_SELECTOR = YES;
				GCC_WARN_UNINITIALIZED_AUTOS = YES_AGGRESSIVE;
				GCC_WARN_UNUSED_FUNCTION = YES;
				GCC_WARN_UNUSED_VARIABLE = YES;
				IPHONEOS_DEPLOYMENT_TARGET = 9.3;
				MTL_ENABLE_DEBUG_INFO = NO;
				SDKROOT = iphoneos;
				SWIFT_OPTIMIZATION_LEVEL = "-Owholemodule";
				TARGETED_DEVICE_FAMILY = "1,2";
				VALIDATE_PRODUCT = YES;
			};
			name = Release;
		};
		8FD946711DBFAD620074DC26 /* Debug */ = {
			isa = XCBuildConfiguration;
			buildSettings = {
				ASSETCATALOG_COMPILER_APPICON_NAME = AppIcon;
				INFOPLIST_FILE = proteins/Info.plist;
				LD_RUNPATH_SEARCH_PATHS = "$(inherited) @executable_path/Frameworks";
				PRODUCT_BUNDLE_IDENTIFIER = cdannapp.proteins;
				PRODUCT_NAME = "$(TARGET_NAME)";
				SWIFT_VERSION = 3.0;
			};
			name = Debug;
		};
		8FD946721DBFAD620074DC26 /* Release */ = {
			isa = XCBuildConfiguration;
			buildSettings = {
				ASSETCATALOG_COMPILER_APPICON_NAME = AppIcon;
				INFOPLIST_FILE = proteins/Info.plist;
				LD_RUNPATH_SEARCH_PATHS = "$(inherited) @executable_path/Frameworks";
				PRODUCT_BUNDLE_IDENTIFIER = cdannapp.proteins;
				PRODUCT_NAME = "$(TARGET_NAME)";
				SWIFT_VERSION = 3.0;
			};
			name = Release;
		};
/* End XCBuildConfiguration section */

/* Begin XCConfigurationList section */
		8FD946571DBFAD620074DC26 /* Build configuration list for PBXProject "proteins" */ = {
			isa = XCConfigurationList;
			buildConfigurations = (
				8FD9466E1DBFAD620074DC26 /* Debug */,
				8FD9466F1DBFAD620074DC26 /* Release */,
			);
			defaultConfigurationIsVisible = 0;
			defaultConfigurationName = Release;
		};
		8FD946701DBFAD620074DC26 /* Build configuration list for PBXNativeTarget "proteins" */ = {
			isa = XCConfigurationList;
			buildConfigurations = (
				8FD946711DBFAD620074DC26 /* Debug */,
				8FD946721DBFAD620074DC26 /* Release */,
			);
			defaultConfigurationIsVisible = 0;
			defaultConfigurationName = Release;
		};
/* End XCConfigurationList section */
	};
	rootObject = 8FD946541DBFAD620074DC26 /* Project object */;
}
